Microsoft Visual Studio Solution File, Format Version 11.00
# Visual Studio 2008

Project("{6AE86F84-3479-C493-DFB0-031375605EEE}") = "Biplane", "Assembly-CSharp.csproj", "{97C8C716-4BD6-AC08-302F-4527612E04DE}"
EndProject
Global
	GlobalSection(SolutionConfigurationPlatforms) = preSolution
		Debug|Any CPU = Debug|Any CPU
		Release|Any CPU = Release|Any CPU
	EndGlobalSection
	GlobalSection(ProjectConfigurationPlatforms) = postSolution
		{97C8C716-4BD6-AC08-302F-4527612E04DE}.Debug|Any CPU.ActiveCfg = Debug|Any CPU
		{97C8C716-4BD6-AC08-302F-4527612E04DE}.Debug|Any CPU.Build.0 = Debug|Any CPU
		{97C8C716-4BD6-AC08-302F-4527612E04DE}.Release|Any CPU.ActiveCfg = Release|Any CPU
		{97C8C716-4BD6-AC08-302F-4527612E04DE}.Release|Any CPU.Build.0 = Release|Any CPU
	EndGlobalSection
	GlobalSection(SolutionProperties) = preSolution
		HideSolutionNode = FALSE
	EndGlobalSection
	GlobalSection(MonoDevelopProperties) = preSolution
		StartupItem = Assembly-CSharp.csproj
	EndGlobalSection
EndGlobal
